
Microsoft Visual Studio Solution File, Format Version 12.00
# Visual Studio Version 17
VisualStudioVersion = 17.8.34330.188
MinimumVisualStudioVersion = 10.0.40219.1
Project("{9A19103F-16F7-4668-BE54-9A1E7A4F7556}") = "ChatApp.Presentation", "ChatApp.Presentation\ChatApp.Presentation.csproj", "{B72C0163-2A49-4EAC-93F2-45F3902A883F}"
EndProject
Project("{FAE04EC0-301F-11D3-BF4B-00C04F79EFBC}") = "ChatApp.Data", "ChatApp.Data\ChatApp.Data.csproj", "{09D66221-A84B-4ED0-8681-22420D4C8348}"
EndProject
Project("{FAE04EC0-301F-11D3-BF4B-00C04F79EFBC}") = "ChatApp.Domain", "ChatApp.Domain\ChatApp.Domain.csproj", "{FB28660B-2BF2-4CEA-8BEA-B5AC2EDA9A83}"
EndProject
Global
	GlobalSection(SolutionConfigurationPlatforms) = preSolution
		Debug|Any CPU = Debug|Any CPU
		Release|Any CPU = Release|Any CPU
	EndGlobalSection
	GlobalSection(ProjectConfigurationPlatforms) = postSolution
		{B72C0163-2A49-4EAC-93F2-45F3902A883F}.Debug|Any CPU.ActiveCfg = Debug|Any CPU
		{B72C0163-2A49-4EAC-93F2-45F3902A883F}.Debug|Any CPU.Build.0 = Debug|Any CPU
		{B72C0163-2A49-4EAC-93F2-45F3902A883F}.Release|Any CPU.ActiveCfg = Release|Any CPU
		{B72C0163-2A49-4EAC-93F2-45F3902A883F}.Release|Any CPU.Build.0 = Release|Any CPU
		{09D66221-A84B-4ED0-8681-22420D4C8348}.Debug|Any CPU.ActiveCfg = Debug|Any CPU
		{09D66221-A84B-4ED0-8681-22420D4C8348}.Debug|Any CPU.Build.0 = Debug|Any CPU
		{09D66221-A84B-4ED0-8681-22420D4C8348}.Release|Any CPU.ActiveCfg = Release|Any CPU
		{09D66221-A84B-4ED0-8681-22420D4C8348}.Release|Any CPU.Build.0 = Release|Any CPU
		{FB28660B-2BF2-4CEA-8BEA-B5AC2EDA9A83}.Debug|Any CPU.ActiveCfg = Debug|Any CPU
		{FB28660B-2BF2-4CEA-8BEA-B5AC2EDA9A83}.Debug|Any CPU.Build.0 = Debug|Any CPU
		{FB28660B-2BF2-4CEA-8BEA-B5AC2EDA9A83}.Release|Any CPU.ActiveCfg = Release|Any CPU
		{FB28660B-2BF2-4CEA-8BEA-B5AC2EDA9A83}.Release|Any CPU.Build.0 = Release|Any CPU
	EndGlobalSection
	GlobalSection(SolutionProperties) = preSolution
		HideSolutionNode = FALSE
	EndGlobalSection
	GlobalSection(ExtensibilityGlobals) = postSolution
		SolutionGuid = {350513B3-01A4-4926-8674-C35A7776055D}
	EndGlobalSection
EndGlobal
